
Microsoft Visual Studio Solution File, Format Version 12.00
# Visual Studio Version 16
VisualStudioVersion = 16.0.29411.108
MinimumVisualStudioVersion = 15.0.26124.0
Project("{2150E333-8FDC-42A3-9474-1A3956D46DE8}") = "src", "src", "{845554B1-59FB-419D-9C5C-A920A8A5B0EC}"
EndProject
Project("{9A19103F-16F7-4668-BE54-9A1E7A4F7556}") = "Tests", "src\Tests\Tests.csproj", "{E7A4AC68-A7EE-414B-92A7-660D13D78FF3}"
EndProject
Project("{9A19103F-16F7-4668-BE54-9A1E7A4F7556}") = "Domain", "src\Domain\Domain.csproj", "{E15D363C-FCFA-4E1E-B301-AE64C6E0982F}"
EndProject
Project("{FAE04EC0-301F-11D3-BF4B-00C04F79EFBC}") = "Infrastructure", "src\Infrastructure\Infrastructure.csproj", "{63053D6C-D0E9-4A8E-A19F-01D297D441E5}"
EndProject
Project("{FAE04EC0-301F-11D3-BF4B-00C04F79EFBC}") = "Application.", "src\Application\Application.csproj", "{DBC82E1A-9438-420B-B287-0E3DD3F0D144}"
EndProject
Project("{FAE04EC0-301F-11D3-BF4B-00C04F79EFBC}") = "WebApi", "src\WebApi\WebApi.csproj", "{CE447AF2-4BB9-4673-9DB5-C7DDD5C92596}"
EndProject
Global
	GlobalSection(SolutionConfigurationPlatforms) = preSolution
		Debug|Any CPU = Debug|Any CPU
		Debug|x64 = Debug|x64
		Debug|x86 = Debug|x86
		Release|Any CPU = Release|Any CPU
		Release|x64 = Release|x64
		Release|x86 = Release|x86
	EndGlobalSection
	GlobalSection(ProjectConfigurationPlatforms) = postSolution
		{E7A4AC68-A7EE-414B-92A7-660D13D78FF3}.Debug|Any CPU.ActiveCfg = Debug|Any CPU
		{E7A4AC68-A7EE-414B-92A7-660D13D78FF3}.Debug|Any CPU.Build.0 = Debug|Any CPU
		{E7A4AC68-A7EE-414B-92A7-660D13D78FF3}.Debug|x64.ActiveCfg = Debug|Any CPU
		{E7A4AC68-A7EE-414B-92A7-660D13D78FF3}.Debug|x64.Build.0 = Debug|Any CPU
		{E7A4AC68-A7EE-414B-92A7-660D13D78FF3}.Debug|x86.ActiveCfg = Debug|Any CPU
		{E7A4AC68-A7EE-414B-92A7-660D13D78FF3}.Debug|x86.Build.0 = Debug|Any CPU
		{E7A4AC68-A7EE-414B-92A7-660D13D78FF3}.Release|Any CPU.ActiveCfg = Release|Any CPU
		{E7A4AC68-A7EE-414B-92A7-660D13D78FF3}.Release|Any CPU.Build.0 = Release|Any CPU
		{E7A4AC68-A7EE-414B-92A7-660D13D78FF3}.Release|x64.ActiveCfg = Release|Any CPU
		{E7A4AC68-A7EE-414B-92A7-660D13D78FF3}.Release|x64.Build.0 = Release|Any CPU
		{E7A4AC68-A7EE-414B-92A7-660D13D78FF3}.Release|x86.ActiveCfg = Release|Any CPU
		{E7A4AC68-A7EE-414B-92A7-660D13D78FF3}.Release|x86.Build.0 = Release|Any CPU
		{E15D363C-FCFA-4E1E-B301-AE64C6E0982F}.Debug|Any CPU.ActiveCfg = Debug|Any CPU
		{E15D363C-FCFA-4E1E-B301-AE64C6E0982F}.Debug|Any CPU.Build.0 = Debug|Any CPU
		{E15D363C-FCFA-4E1E-B301-AE64C6E0982F}.Debug|x64.ActiveCfg = Debug|Any CPU
		{E15D363C-FCFA-4E1E-B301-AE64C6E0982F}.Debug|x64.Build.0 = Debug|Any CPU
		{E15D363C-FCFA-4E1E-B301-AE64C6E0982F}.Debug|x86.ActiveCfg = Debug|Any CPU
		{E15D363C-FCFA-4E1E-B301-AE64C6E0982F}.Debug|x86.Build.0 = Debug|Any CPU
		{E15D363C-FCFA-4E1E-B301-AE64C6E0982F}.Release|Any CPU.ActiveCfg = Release|Any CPU
		{E15D363C-FCFA-4E1E-B301-AE64C6E0982F}.Release|Any CPU.Build.0 = Release|Any CPU
		{E15D363C-FCFA-4E1E-B301-AE64C6E0982F}.Release|x64.ActiveCfg = Release|Any CPU
		{E15D363C-FCFA-4E1E-B301-AE64C6E0982F}.Release|x64.Build.0 = Release|Any CPU
		{E15D363C-FCFA-4E1E-B301-AE64C6E0982F}.Release|x86.ActiveCfg = Release|Any CPU
		{E15D363C-FCFA-4E1E-B301-AE64C6E0982F}.Release|x86.Build.0 = Release|Any CPU
		{63053D6C-D0E9-4A8E-A19F-01D297D441E5}.Debug|Any CPU.ActiveCfg = Debug|Any CPU
		{63053D6C-D0E9-4A8E-A19F-01D297D441E5}.Debug|Any CPU.Build.0 = Debug|Any CPU
		{63053D6C-D0E9-4A8E-A19F-01D297D441E5}.Debug|x64.ActiveCfg = Debug|Any CPU
		{63053D6C-D0E9-4A8E-A19F-01D297D441E5}.Debug|x64.Build.0 = Debug|Any CPU
		{63053D6C-D0E9-4A8E-A19F-01D297D441E5}.Debug|x86.ActiveCfg = Debug|Any CPU
		{63053D6C-D0E9-4A8E-A19F-01D297D441E5}.Debug|x86.Build.0 = Debug|Any CPU
		{63053D6C-D0E9-4A8E-A19F-01D297D441E5}.Release|Any CPU.ActiveCfg = Release|Any CPU
		{63053D6C-D0E9-4A8E-A19F-01D297D441E5}.Release|Any CPU.Build.0 = Release|Any CPU
		{63053D6C-D0E9-4A8E-A19F-01D297D441E5}.Release|x64.ActiveCfg = Release|Any CPU
		{63053D6C-D0E9-4A8E-A19F-01D297D441E5}.Release|x64.Build.0 = Release|Any CPU
		{63053D6C-D0E9-4A8E-A19F-01D297D441E5}.Release|x86.ActiveCfg = Release|Any CPU
		{63053D6C-D0E9-4A8E-A19F-01D297D441E5}.Release|x86.Build.0 = Release|Any CPU
		{DBC82E1A-9438-420B-B287-0E3DD3F0D144}.Debug|Any CPU.ActiveCfg = Debug|Any CPU
		{DBC82E1A-9438-420B-B287-0E3DD3F0D144}.Debug|Any CPU.Build.0 = Debug|Any CPU
		{DBC82E1A-9438-420B-B287-0E3DD3F0D144}.Debug|x64.ActiveCfg = Debug|Any CPU
		{DBC82E1A-9438-420B-B287-0E3DD3F0D144}.Debug|x64.Build.0 = Debug|Any CPU
		{DBC82E1A-9438-420B-B287-0E3DD3F0D144}.Debug|x86.ActiveCfg = Debug|Any CPU
		{DBC82E1A-9438-420B-B287-0E3DD3F0D144}.Debug|x86.Build.0 = Debug|Any CPU
		{DBC82E1A-9438-420B-B287-0E3DD3F0D144}.Release|Any CPU.ActiveCfg = Release|Any CPU
		{DBC82E1A-9438-420B-B287-0E3DD3F0D144}.Release|Any CPU.Build.0 = Release|Any CPU
		{DBC82E1A-9438-420B-B287-0E3DD3F0D144}.Release|x64.ActiveCfg = Release|Any CPU
		{DBC82E1A-9438-420B-B287-0E3DD3F0D144}.Release|x64.Build.0 = Release|Any CPU
		{DBC82E1A-9438-420B-B287-0E3DD3F0D144}.Release|x86.ActiveCfg = Release|Any CPU
		{DBC82E1A-9438-420B-B287-0E3DD3F0D144}.Release|x86.Build.0 = Release|Any CPU
		{CE447AF2-4BB9-4673-9DB5-C7DDD5C92596}.Debug|Any CPU.ActiveCfg = Debug|Any CPU
		{CE447AF2-4BB9-4673-9DB5-C7DDD5C92596}.Debug|Any CPU.Build.0 = Debug|Any CPU
		{CE447AF2-4BB9-4673-9DB5-C7DDD5C92596}.Debug|x64.ActiveCfg = Debug|Any CPU
		{CE447AF2-4BB9-4673-9DB5-C7DDD5C92596}.Debug|x64.Build.0 = Debug|Any CPU
		{CE447AF2-4BB9-4673-9DB5-C7DDD5C92596}.Debug|x86.ActiveCfg = Debug|Any CPU
		{CE447AF2-4BB9-4673-9DB5-C7DDD5C92596}.Debug|x86.Build.0 = Debug|Any CPU
		{CE447AF2-4BB9-4673-9DB5-C7DDD5C92596}.Release|Any CPU.ActiveCfg = Release|Any CPU
		{CE447AF2-4BB9-4673-9DB5-C7DDD5C92596}.Release|Any CPU.Build.0 = Release|Any CPU
		{CE447AF2-4BB9-4673-9DB5-C7DDD5C92596}.Release|x64.ActiveCfg = Release|Any CPU
		{CE447AF2-4BB9-4673-9DB5-C7DDD5C92596}.Release|x64.Build.0 = Release|Any CPU
		{CE447AF2-4BB9-4673-9DB5-C7DDD5C92596}.Release|x86.ActiveCfg = Release|Any CPU
		{CE447AF2-4BB9-4673-9DB5-C7DDD5C92596}.Release|x86.Build.0 = Release|Any CPU
	EndGlobalSection
	GlobalSection(SolutionProperties) = preSolution
		HideSolutionNode = FALSE
	EndGlobalSection
	GlobalSection(NestedProjects) = preSolution
		{E7A4AC68-A7EE-414B-92A7-660D13D78FF3} = {845554B1-59FB-419D-9C5C-A920A8A5B0EC}
		{E15D363C-FCFA-4E1E-B301-AE64C6E0982F} = {845554B1-59FB-419D-9C5C-A920A8A5B0EC}
		{63053D6C-D0E9-4A8E-A19F-01D297D441E5} = {845554B1-59FB-419D-9C5C-A920A8A5B0EC}
		{DBC82E1A-9438-420B-B287-0E3DD3F0D144} = {845554B1-59FB-419D-9C5C-A920A8A5B0EC}
		{CE447AF2-4BB9-4673-9DB5-C7DDD5C92596} = {845554B1-59FB-419D-9C5C-A920A8A5B0EC}
	EndGlobalSection
	GlobalSection(ExtensibilityGlobals) = postSolution
		SolutionGuid = {0F6DC448-541E-4EA6-9502-1F5A422430DC}
	EndGlobalSection
EndGlobal
