
Microsoft Visual Studio Solution File, Format Version 12.00
# Visual Studio 15
VisualStudioVersion = 15.0.26124.0
MinimumVisualStudioVersion = 15.0.26124.0
Project("{2150E333-8FDC-42A3-9474-1A3956D46DE8}") = "src", "src", "{B7A6E764-D281-4102-821F-36F0E460108E}"
EndProject
Project("{FAE04EC0-301F-11D3-BF4B-00C04F79EFBC}") = "IdentityServer", "src\IdentityServer\IdentityServer.csproj", "{C25CC201-3153-4BC0-AE68-CA6D31B7CAC5}"
EndProject
Project("{FAE04EC0-301F-11D3-BF4B-00C04F79EFBC}") = "Api", "src\Api\Api.csproj", "{C9379658-1894-4447-AB78-B16F01FCD3E1}"
EndProject
Project("{FAE04EC0-301F-11D3-BF4B-00C04F79EFBC}") = "Client", "src\Client\Client.csproj", "{A15CEFF0-599D-4B8F-8399-83F21DA6D2C1}"
EndProject
Global
	GlobalSection(SolutionConfigurationPlatforms) = preSolution
		Debug|Any CPU = Debug|Any CPU
		Debug|x64 = Debug|x64
		Debug|x86 = Debug|x86
		Release|Any CPU = Release|Any CPU
		Release|x64 = Release|x64
		Release|x86 = Release|x86
	EndGlobalSection
	GlobalSection(SolutionProperties) = preSolution
		HideSolutionNode = FALSE
	EndGlobalSection
	GlobalSection(ProjectConfigurationPlatforms) = postSolution
		{C25CC201-3153-4BC0-AE68-CA6D31B7CAC5}.Debug|Any CPU.ActiveCfg = Debug|Any CPU
		{C25CC201-3153-4BC0-AE68-CA6D31B7CAC5}.Debug|Any CPU.Build.0 = Debug|Any CPU
		{C25CC201-3153-4BC0-AE68-CA6D31B7CAC5}.Debug|x64.ActiveCfg = Debug|Any CPU
		{C25CC201-3153-4BC0-AE68-CA6D31B7CAC5}.Debug|x64.Build.0 = Debug|Any CPU
		{C25CC201-3153-4BC0-AE68-CA6D31B7CAC5}.Debug|x86.ActiveCfg = Debug|Any CPU
		{C25CC201-3153-4BC0-AE68-CA6D31B7CAC5}.Debug|x86.Build.0 = Debug|Any CPU
		{C25CC201-3153-4BC0-AE68-CA6D31B7CAC5}.Release|Any CPU.ActiveCfg = Release|Any CPU
		{C25CC201-3153-4BC0-AE68-CA6D31B7CAC5}.Release|Any CPU.Build.0 = Release|Any CPU
		{C25CC201-3153-4BC0-AE68-CA6D31B7CAC5}.Release|x64.ActiveCfg = Release|Any CPU
		{C25CC201-3153-4BC0-AE68-CA6D31B7CAC5}.Release|x64.Build.0 = Release|Any CPU
		{C25CC201-3153-4BC0-AE68-CA6D31B7CAC5}.Release|x86.ActiveCfg = Release|Any CPU
		{C25CC201-3153-4BC0-AE68-CA6D31B7CAC5}.Release|x86.Build.0 = Release|Any CPU
		{C9379658-1894-4447-AB78-B16F01FCD3E1}.Debug|Any CPU.ActiveCfg = Debug|Any CPU
		{C9379658-1894-4447-AB78-B16F01FCD3E1}.Debug|Any CPU.Build.0 = Debug|Any CPU
		{C9379658-1894-4447-AB78-B16F01FCD3E1}.Debug|x64.ActiveCfg = Debug|Any CPU
		{C9379658-1894-4447-AB78-B16F01FCD3E1}.Debug|x64.Build.0 = Debug|Any CPU
		{C9379658-1894-4447-AB78-B16F01FCD3E1}.Debug|x86.ActiveCfg = Debug|Any CPU
		{C9379658-1894-4447-AB78-B16F01FCD3E1}.Debug|x86.Build.0 = Debug|Any CPU
		{C9379658-1894-4447-AB78-B16F01FCD3E1}.Release|Any CPU.ActiveCfg = Release|Any CPU
		{C9379658-1894-4447-AB78-B16F01FCD3E1}.Release|Any CPU.Build.0 = Release|Any CPU
		{C9379658-1894-4447-AB78-B16F01FCD3E1}.Release|x64.ActiveCfg = Release|Any CPU
		{C9379658-1894-4447-AB78-B16F01FCD3E1}.Release|x64.Build.0 = Release|Any CPU
		{C9379658-1894-4447-AB78-B16F01FCD3E1}.Release|x86.ActiveCfg = Release|Any CPU
		{C9379658-1894-4447-AB78-B16F01FCD3E1}.Release|x86.Build.0 = Release|Any CPU
		{A15CEFF0-599D-4B8F-8399-83F21DA6D2C1}.Debug|Any CPU.ActiveCfg = Debug|Any CPU
		{A15CEFF0-599D-4B8F-8399-83F21DA6D2C1}.Debug|Any CPU.Build.0 = Debug|Any CPU
		{A15CEFF0-599D-4B8F-8399-83F21DA6D2C1}.Debug|x64.ActiveCfg = Debug|Any CPU
		{A15CEFF0-599D-4B8F-8399-83F21DA6D2C1}.Debug|x64.Build.0 = Debug|Any CPU
		{A15CEFF0-599D-4B8F-8399-83F21DA6D2C1}.Debug|x86.ActiveCfg = Debug|Any CPU
		{A15CEFF0-599D-4B8F-8399-83F21DA6D2C1}.Debug|x86.Build.0 = Debug|Any CPU
		{A15CEFF0-599D-4B8F-8399-83F21DA6D2C1}.Release|Any CPU.ActiveCfg = Release|Any CPU
		{A15CEFF0-599D-4B8F-8399-83F21DA6D2C1}.Release|Any CPU.Build.0 = Release|Any CPU
		{A15CEFF0-599D-4B8F-8399-83F21DA6D2C1}.Release|x64.ActiveCfg = Release|Any CPU
		{A15CEFF0-599D-4B8F-8399-83F21DA6D2C1}.Release|x64.Build.0 = Release|Any CPU
		{A15CEFF0-599D-4B8F-8399-83F21DA6D2C1}.Release|x86.ActiveCfg = Release|Any CPU
		{A15CEFF0-599D-4B8F-8399-83F21DA6D2C1}.Release|x86.Build.0 = Release|Any CPU
	EndGlobalSection
	GlobalSection(NestedProjects) = preSolution
		{C25CC201-3153-4BC0-AE68-CA6D31B7CAC5} = {B7A6E764-D281-4102-821F-36F0E460108E}
		{C9379658-1894-4447-AB78-B16F01FCD3E1} = {B7A6E764-D281-4102-821F-36F0E460108E}
		{A15CEFF0-599D-4B8F-8399-83F21DA6D2C1} = {B7A6E764-D281-4102-821F-36F0E460108E}
	EndGlobalSection
EndGlobal
