
Microsoft Visual Studio Solution File, Format Version 12.00
# Visual Studio Version 16
VisualStudioVersion = 16.0.29411.108
MinimumVisualStudioVersion = 15.0.26124.0
Project("{2150E333-8FDC-42A3-9474-1A3956D46DE8}") = "src", "src", "{B7A6E764-D281-4102-821F-36F0E460108E}"
EndProject
Project("{9A19103F-16F7-4668-BE54-9A1E7A4F7556}") = "User.Management.Api", "src\User.Management.Api\User.Management.Api.csproj", "{C9379658-1894-4447-AB78-B16F01FCD3E1}"
EndProject
Project("{9A19103F-16F7-4668-BE54-9A1E7A4F7556}") = "Client", "src\Client\Client.csproj", "{A15CEFF0-599D-4B8F-8399-83F21DA6D2C1}"
EndProject
Project("{9A19103F-16F7-4668-BE54-9A1E7A4F7556}") = "AppMvc", "src\AppMvc\AppMvc.csproj", "{4963E072-D56F-4B51-B0C0-899B3B989E96}"
EndProject
Project("{9A19103F-16F7-4668-BE54-9A1E7A4F7556}") = "IdentityServerAspNetIdentity", "src\IdentityServerAspNetIdentity\IdentityServerAspNetIdentity.csproj", "{38905714-B095-4958-A67E-AC5D818F7750}"
EndProject
Project("{FAE04EC0-301F-11D3-BF4B-00C04F79EFBC}") = "AdminApp", "src\AdminApp\AdminApp.csproj", "{789AE827-DB1C-4EDF-B15D-210968175D22}"
EndProject
Global
	GlobalSection(SolutionConfigurationPlatforms) = preSolution
		Debug|Any CPU = Debug|Any CPU
		Debug|x64 = Debug|x64
		Debug|x86 = Debug|x86
		Release|Any CPU = Release|Any CPU
		Release|x64 = Release|x64
		Release|x86 = Release|x86
	EndGlobalSection
	GlobalSection(ProjectConfigurationPlatforms) = postSolution
		{C9379658-1894-4447-AB78-B16F01FCD3E1}.Debug|Any CPU.ActiveCfg = Debug|Any CPU
		{C9379658-1894-4447-AB78-B16F01FCD3E1}.Debug|Any CPU.Build.0 = Debug|Any CPU
		{C9379658-1894-4447-AB78-B16F01FCD3E1}.Debug|x64.ActiveCfg = Debug|Any CPU
		{C9379658-1894-4447-AB78-B16F01FCD3E1}.Debug|x64.Build.0 = Debug|Any CPU
		{C9379658-1894-4447-AB78-B16F01FCD3E1}.Debug|x86.ActiveCfg = Debug|Any CPU
		{C9379658-1894-4447-AB78-B16F01FCD3E1}.Debug|x86.Build.0 = Debug|Any CPU
		{C9379658-1894-4447-AB78-B16F01FCD3E1}.Release|Any CPU.ActiveCfg = Release|Any CPU
		{C9379658-1894-4447-AB78-B16F01FCD3E1}.Release|Any CPU.Build.0 = Release|Any CPU
		{C9379658-1894-4447-AB78-B16F01FCD3E1}.Release|x64.ActiveCfg = Release|Any CPU
		{C9379658-1894-4447-AB78-B16F01FCD3E1}.Release|x64.Build.0 = Release|Any CPU
		{C9379658-1894-4447-AB78-B16F01FCD3E1}.Release|x86.ActiveCfg = Release|Any CPU
		{C9379658-1894-4447-AB78-B16F01FCD3E1}.Release|x86.Build.0 = Release|Any CPU
		{A15CEFF0-599D-4B8F-8399-83F21DA6D2C1}.Debug|Any CPU.ActiveCfg = Debug|Any CPU
		{A15CEFF0-599D-4B8F-8399-83F21DA6D2C1}.Debug|Any CPU.Build.0 = Debug|Any CPU
		{A15CEFF0-599D-4B8F-8399-83F21DA6D2C1}.Debug|x64.ActiveCfg = Debug|Any CPU
		{A15CEFF0-599D-4B8F-8399-83F21DA6D2C1}.Debug|x64.Build.0 = Debug|Any CPU
		{A15CEFF0-599D-4B8F-8399-83F21DA6D2C1}.Debug|x86.ActiveCfg = Debug|Any CPU
		{A15CEFF0-599D-4B8F-8399-83F21DA6D2C1}.Debug|x86.Build.0 = Debug|Any CPU
		{A15CEFF0-599D-4B8F-8399-83F21DA6D2C1}.Release|Any CPU.ActiveCfg = Release|Any CPU
		{A15CEFF0-599D-4B8F-8399-83F21DA6D2C1}.Release|Any CPU.Build.0 = Release|Any CPU
		{A15CEFF0-599D-4B8F-8399-83F21DA6D2C1}.Release|x64.ActiveCfg = Release|Any CPU
		{A15CEFF0-599D-4B8F-8399-83F21DA6D2C1}.Release|x64.Build.0 = Release|Any CPU
		{A15CEFF0-599D-4B8F-8399-83F21DA6D2C1}.Release|x86.ActiveCfg = Release|Any CPU
		{A15CEFF0-599D-4B8F-8399-83F21DA6D2C1}.Release|x86.Build.0 = Release|Any CPU
		{4963E072-D56F-4B51-B0C0-899B3B989E96}.Debug|Any CPU.ActiveCfg = Debug|Any CPU
		{4963E072-D56F-4B51-B0C0-899B3B989E96}.Debug|Any CPU.Build.0 = Debug|Any CPU
		{4963E072-D56F-4B51-B0C0-899B3B989E96}.Debug|x64.ActiveCfg = Debug|Any CPU
		{4963E072-D56F-4B51-B0C0-899B3B989E96}.Debug|x64.Build.0 = Debug|Any CPU
		{4963E072-D56F-4B51-B0C0-899B3B989E96}.Debug|x86.ActiveCfg = Debug|Any CPU
		{4963E072-D56F-4B51-B0C0-899B3B989E96}.Debug|x86.Build.0 = Debug|Any CPU
		{4963E072-D56F-4B51-B0C0-899B3B989E96}.Release|Any CPU.ActiveCfg = Release|Any CPU
		{4963E072-D56F-4B51-B0C0-899B3B989E96}.Release|Any CPU.Build.0 = Release|Any CPU
		{4963E072-D56F-4B51-B0C0-899B3B989E96}.Release|x64.ActiveCfg = Release|Any CPU
		{4963E072-D56F-4B51-B0C0-899B3B989E96}.Release|x64.Build.0 = Release|Any CPU
		{4963E072-D56F-4B51-B0C0-899B3B989E96}.Release|x86.ActiveCfg = Release|Any CPU
		{4963E072-D56F-4B51-B0C0-899B3B989E96}.Release|x86.Build.0 = Release|Any CPU
		{38905714-B095-4958-A67E-AC5D818F7750}.Debug|Any CPU.ActiveCfg = Debug|Any CPU
		{38905714-B095-4958-A67E-AC5D818F7750}.Debug|Any CPU.Build.0 = Debug|Any CPU
		{38905714-B095-4958-A67E-AC5D818F7750}.Debug|x64.ActiveCfg = Debug|Any CPU
		{38905714-B095-4958-A67E-AC5D818F7750}.Debug|x64.Build.0 = Debug|Any CPU
		{38905714-B095-4958-A67E-AC5D818F7750}.Debug|x86.ActiveCfg = Debug|Any CPU
		{38905714-B095-4958-A67E-AC5D818F7750}.Debug|x86.Build.0 = Debug|Any CPU
		{38905714-B095-4958-A67E-AC5D818F7750}.Release|Any CPU.ActiveCfg = Release|Any CPU
		{38905714-B095-4958-A67E-AC5D818F7750}.Release|Any CPU.Build.0 = Release|Any CPU
		{38905714-B095-4958-A67E-AC5D818F7750}.Release|x64.ActiveCfg = Release|Any CPU
		{38905714-B095-4958-A67E-AC5D818F7750}.Release|x64.Build.0 = Release|Any CPU
		{38905714-B095-4958-A67E-AC5D818F7750}.Release|x86.ActiveCfg = Release|Any CPU
		{38905714-B095-4958-A67E-AC5D818F7750}.Release|x86.Build.0 = Release|Any CPU
		{789AE827-DB1C-4EDF-B15D-210968175D22}.Debug|Any CPU.ActiveCfg = Debug|Any CPU
		{789AE827-DB1C-4EDF-B15D-210968175D22}.Debug|Any CPU.Build.0 = Debug|Any CPU
		{789AE827-DB1C-4EDF-B15D-210968175D22}.Debug|x64.ActiveCfg = Debug|Any CPU
		{789AE827-DB1C-4EDF-B15D-210968175D22}.Debug|x64.Build.0 = Debug|Any CPU
		{789AE827-DB1C-4EDF-B15D-210968175D22}.Debug|x86.ActiveCfg = Debug|Any CPU
		{789AE827-DB1C-4EDF-B15D-210968175D22}.Debug|x86.Build.0 = Debug|Any CPU
		{789AE827-DB1C-4EDF-B15D-210968175D22}.Release|Any CPU.ActiveCfg = Release|Any CPU
		{789AE827-DB1C-4EDF-B15D-210968175D22}.Release|Any CPU.Build.0 = Release|Any CPU
		{789AE827-DB1C-4EDF-B15D-210968175D22}.Release|x64.ActiveCfg = Release|Any CPU
		{789AE827-DB1C-4EDF-B15D-210968175D22}.Release|x64.Build.0 = Release|Any CPU
		{789AE827-DB1C-4EDF-B15D-210968175D22}.Release|x86.ActiveCfg = Release|Any CPU
		{789AE827-DB1C-4EDF-B15D-210968175D22}.Release|x86.Build.0 = Release|Any CPU
	EndGlobalSection
	GlobalSection(SolutionProperties) = preSolution
		HideSolutionNode = FALSE
	EndGlobalSection
	GlobalSection(NestedProjects) = preSolution
		{C9379658-1894-4447-AB78-B16F01FCD3E1} = {B7A6E764-D281-4102-821F-36F0E460108E}
		{A15CEFF0-599D-4B8F-8399-83F21DA6D2C1} = {B7A6E764-D281-4102-821F-36F0E460108E}
		{4963E072-D56F-4B51-B0C0-899B3B989E96} = {B7A6E764-D281-4102-821F-36F0E460108E}
		{38905714-B095-4958-A67E-AC5D818F7750} = {B7A6E764-D281-4102-821F-36F0E460108E}
		{789AE827-DB1C-4EDF-B15D-210968175D22} = {B7A6E764-D281-4102-821F-36F0E460108E}
	EndGlobalSection
	GlobalSection(ExtensibilityGlobals) = postSolution
		SolutionGuid = {595BF853-972B-46C9-8266-3C5FDE633B0B}
	EndGlobalSection
EndGlobal
