
Microsoft Visual Studio Solution File, Format Version 12.00
# Visual Studio Version 16
VisualStudioVersion = 16.0.30114.105
MinimumVisualStudioVersion = 10.0.40219.1
Project("{2150E333-8FDC-42A3-9474-1A3956D46DE8}") = "src", "src", "{3B71C61C-1CDE-44B6-8434-78D66E5C0536}"
EndProject
Project("{FAE04EC0-301F-11D3-BF4B-00C04F79EFBC}") = "UserService", "src\UserService\UserService.csproj", "{8BCBFF82-659B-401E-BED2-54885F52C9EA}"
EndProject
Project("{FAE04EC0-301F-11D3-BF4B-00C04F79EFBC}") = "PostService", "src\PostService\PostService.csproj", "{30555989-9758-49CD-A1A3-098CAF15C70F}"
EndProject
Global
	GlobalSection(SolutionConfigurationPlatforms) = preSolution
		Debug|Any CPU = Debug|Any CPU
		Debug|x64 = Debug|x64
		Debug|x86 = Debug|x86
		Release|Any CPU = Release|Any CPU
		Release|x64 = Release|x64
		Release|x86 = Release|x86
	EndGlobalSection
	GlobalSection(SolutionProperties) = preSolution
		HideSolutionNode = FALSE
	EndGlobalSection
	GlobalSection(ProjectConfigurationPlatforms) = postSolution
		{8BCBFF82-659B-401E-BED2-54885F52C9EA}.Debug|Any CPU.ActiveCfg = Debug|Any CPU
		{8BCBFF82-659B-401E-BED2-54885F52C9EA}.Debug|Any CPU.Build.0 = Debug|Any CPU
		{8BCBFF82-659B-401E-BED2-54885F52C9EA}.Debug|x64.ActiveCfg = Debug|Any CPU
		{8BCBFF82-659B-401E-BED2-54885F52C9EA}.Debug|x64.Build.0 = Debug|Any CPU
		{8BCBFF82-659B-401E-BED2-54885F52C9EA}.Debug|x86.ActiveCfg = Debug|Any CPU
		{8BCBFF82-659B-401E-BED2-54885F52C9EA}.Debug|x86.Build.0 = Debug|Any CPU
		{8BCBFF82-659B-401E-BED2-54885F52C9EA}.Release|Any CPU.ActiveCfg = Release|Any CPU
		{8BCBFF82-659B-401E-BED2-54885F52C9EA}.Release|Any CPU.Build.0 = Release|Any CPU
		{8BCBFF82-659B-401E-BED2-54885F52C9EA}.Release|x64.ActiveCfg = Release|Any CPU
		{8BCBFF82-659B-401E-BED2-54885F52C9EA}.Release|x64.Build.0 = Release|Any CPU
		{8BCBFF82-659B-401E-BED2-54885F52C9EA}.Release|x86.ActiveCfg = Release|Any CPU
		{8BCBFF82-659B-401E-BED2-54885F52C9EA}.Release|x86.Build.0 = Release|Any CPU
		{30555989-9758-49CD-A1A3-098CAF15C70F}.Debug|Any CPU.ActiveCfg = Debug|Any CPU
		{30555989-9758-49CD-A1A3-098CAF15C70F}.Debug|Any CPU.Build.0 = Debug|Any CPU
		{30555989-9758-49CD-A1A3-098CAF15C70F}.Debug|x64.ActiveCfg = Debug|Any CPU
		{30555989-9758-49CD-A1A3-098CAF15C70F}.Debug|x64.Build.0 = Debug|Any CPU
		{30555989-9758-49CD-A1A3-098CAF15C70F}.Debug|x86.ActiveCfg = Debug|Any CPU
		{30555989-9758-49CD-A1A3-098CAF15C70F}.Debug|x86.Build.0 = Debug|Any CPU
		{30555989-9758-49CD-A1A3-098CAF15C70F}.Release|Any CPU.ActiveCfg = Release|Any CPU
		{30555989-9758-49CD-A1A3-098CAF15C70F}.Release|Any CPU.Build.0 = Release|Any CPU
		{30555989-9758-49CD-A1A3-098CAF15C70F}.Release|x64.ActiveCfg = Release|Any CPU
		{30555989-9758-49CD-A1A3-098CAF15C70F}.Release|x64.Build.0 = Release|Any CPU
		{30555989-9758-49CD-A1A3-098CAF15C70F}.Release|x86.ActiveCfg = Release|Any CPU
		{30555989-9758-49CD-A1A3-098CAF15C70F}.Release|x86.Build.0 = Release|Any CPU
	EndGlobalSection
	GlobalSection(NestedProjects) = preSolution
		{8BCBFF82-659B-401E-BED2-54885F52C9EA} = {3B71C61C-1CDE-44B6-8434-78D66E5C0536}
		{30555989-9758-49CD-A1A3-098CAF15C70F} = {3B71C61C-1CDE-44B6-8434-78D66E5C0536}
	EndGlobalSection
EndGlobal
