
Microsoft Visual Studio Solution File, Format Version 12.00
# Visual Studio Version 16
VisualStudioVersion = 16.0.30611.23
MinimumVisualStudioVersion = 10.0.40219.1
Project("{FAE04EC0-301F-11D3-BF4B-00C04F79EFBC}") = "TaskDebug", "TaskDebug\TaskDebug.csproj", "{D6ADE269-A280-4D21-A5B5-B4BFD485EF98}"
EndProject
Global
	GlobalSection(SolutionConfigurationPlatforms) = preSolution
		Debug|Any CPU = Debug|Any CPU
		Release|Any CPU = Release|Any CPU
	EndGlobalSection
	GlobalSection(ProjectConfigurationPlatforms) = postSolution
		{D6ADE269-A280-4D21-A5B5-B4BFD485EF98}.Debug|Any CPU.ActiveCfg = Debug|Any CPU
		{D6ADE269-A280-4D21-A5B5-B4BFD485EF98}.Debug|Any CPU.Build.0 = Debug|Any CPU
		{D6ADE269-A280-4D21-A5B5-B4BFD485EF98}.Release|Any CPU.ActiveCfg = Release|Any CPU
		{D6ADE269-A280-4D21-A5B5-B4BFD485EF98}.Release|Any CPU.Build.0 = Release|Any CPU
	EndGlobalSection
	GlobalSection(SolutionProperties) = preSolution
		HideSolutionNode = FALSE
	EndGlobalSection
	GlobalSection(ExtensibilityGlobals) = postSolution
		SolutionGuid = {C99EC285-72C0-489A-BF09-A6F9E9C13FBA}
	EndGlobalSection
EndGlobal
