
Microsoft Visual Studio Solution File, Format Version 12.00
# Visual Studio Version 17
VisualStudioVersion = 17.0.31903.59
MinimumVisualStudioVersion = 10.0.40219.1
Project("{FAE04EC0-301F-11D3-BF4B-00C04F79EFBC}") = "DotnetStarter.Logic", "DotnetStarter.Logic\DotnetStarter.Logic.csproj", "{69798AB7-80FC-452E-A52B-14CDF5ABF9BB}"
EndProject
Project("{FAE04EC0-301F-11D3-BF4B-00C04F79EFBC}") = "DotnetStarter.Logic.Tests", "DotnetStarter.Logic.Tests\DotnetStarter.Logic.Tests.csproj", "{F3D98ED6-D5E5-4EAD-B2ED-6589D75E8F1C}"
EndProject
Global
	GlobalSection(SolutionConfigurationPlatforms) = preSolution
		Debug|Any CPU = Debug|Any CPU
		Release|Any CPU = Release|Any CPU
	EndGlobalSection
	GlobalSection(SolutionProperties) = preSolution
		HideSolutionNode = FALSE
	EndGlobalSection
	GlobalSection(ProjectConfigurationPlatforms) = postSolution
		{69798AB7-80FC-452E-A52B-14CDF5ABF9BB}.Debug|Any CPU.ActiveCfg = Debug|Any CPU
		{69798AB7-80FC-452E-A52B-14CDF5ABF9BB}.Debug|Any CPU.Build.0 = Debug|Any CPU
		{69798AB7-80FC-452E-A52B-14CDF5ABF9BB}.Release|Any CPU.ActiveCfg = Release|Any CPU
		{69798AB7-80FC-452E-A52B-14CDF5ABF9BB}.Release|Any CPU.Build.0 = Release|Any CPU
		{F3D98ED6-D5E5-4EAD-B2ED-6589D75E8F1C}.Debug|Any CPU.ActiveCfg = Debug|Any CPU
		{F3D98ED6-D5E5-4EAD-B2ED-6589D75E8F1C}.Debug|Any CPU.Build.0 = Debug|Any CPU
		{F3D98ED6-D5E5-4EAD-B2ED-6589D75E8F1C}.Release|Any CPU.ActiveCfg = Release|Any CPU
		{F3D98ED6-D5E5-4EAD-B2ED-6589D75E8F1C}.Release|Any CPU.Build.0 = Release|Any CPU
	EndGlobalSection
EndGlobal
