
Microsoft Visual Studio Solution File, Format Version 12.00
# Visual Studio Version 16
VisualStudioVersion = 16.0.30804.86
MinimumVisualStudioVersion = 15.0.26124.0
Project("{2150E333-8FDC-42A3-9474-1A3956D46DE8}") = "src", "src", "{CF623136-C42B-4ECD-88FF-88E7CD5A0F5A}"
EndProject
Project("{9A19103F-16F7-4668-BE54-9A1E7A4F7556}") = "app.mvvm", "src\app.mvvm\app.mvvm.csproj", "{30FBECCB-A301-4A9D-8176-B7AE744BDC66}"
EndProject
Global
	GlobalSection(SolutionConfigurationPlatforms) = preSolution
		Debug|Any CPU = Debug|Any CPU
		Debug|x64 = Debug|x64
		Debug|x86 = Debug|x86
		Release|Any CPU = Release|Any CPU
		Release|x64 = Release|x64
		Release|x86 = Release|x86
	EndGlobalSection
	GlobalSection(ProjectConfigurationPlatforms) = postSolution
		{30FBECCB-A301-4A9D-8176-B7AE744BDC66}.Debug|Any CPU.ActiveCfg = Debug|Any CPU
		{30FBECCB-A301-4A9D-8176-B7AE744BDC66}.Debug|Any CPU.Build.0 = Debug|Any CPU
		{30FBECCB-A301-4A9D-8176-B7AE744BDC66}.Debug|x64.ActiveCfg = Debug|Any CPU
		{30FBECCB-A301-4A9D-8176-B7AE744BDC66}.Debug|x64.Build.0 = Debug|Any CPU
		{30FBECCB-A301-4A9D-8176-B7AE744BDC66}.Debug|x86.ActiveCfg = Debug|Any CPU
		{30FBECCB-A301-4A9D-8176-B7AE744BDC66}.Debug|x86.Build.0 = Debug|Any CPU
		{30FBECCB-A301-4A9D-8176-B7AE744BDC66}.Release|Any CPU.ActiveCfg = Release|Any CPU
		{30FBECCB-A301-4A9D-8176-B7AE744BDC66}.Release|Any CPU.Build.0 = Release|Any CPU
		{30FBECCB-A301-4A9D-8176-B7AE744BDC66}.Release|x64.ActiveCfg = Release|Any CPU
		{30FBECCB-A301-4A9D-8176-B7AE744BDC66}.Release|x64.Build.0 = Release|Any CPU
		{30FBECCB-A301-4A9D-8176-B7AE744BDC66}.Release|x86.ActiveCfg = Release|Any CPU
		{30FBECCB-A301-4A9D-8176-B7AE744BDC66}.Release|x86.Build.0 = Release|Any CPU
	EndGlobalSection
	GlobalSection(SolutionProperties) = preSolution
		HideSolutionNode = FALSE
	EndGlobalSection
	GlobalSection(NestedProjects) = preSolution
		{30FBECCB-A301-4A9D-8176-B7AE744BDC66} = {CF623136-C42B-4ECD-88FF-88E7CD5A0F5A}
	EndGlobalSection
	GlobalSection(ExtensibilityGlobals) = postSolution
		SolutionGuid = {4FD4015B-5332-460E-AA72-028701C612BF}
	EndGlobalSection
EndGlobal
