
Microsoft Visual Studio Solution File, Format Version 12.00
# Visual Studio Version 16
VisualStudioVersion = 16.0.30611.23
MinimumVisualStudioVersion = 15.0.26124.0
Project("{9A19103F-16F7-4668-BE54-9A1E7A4F7556}") = "ConsoleApp", "Console\ConsoleApp\ConsoleApp.csproj", "{7F394EDA-299E-4C90-A10C-C0505BCF9E42}"
EndProject
Project("{9A19103F-16F7-4668-BE54-9A1E7A4F7556}") = "Test", "Test\Test.csproj", "{353000C9-955B-4204-8674-EE959FFFFFD6}"
EndProject
Project("{9A19103F-16F7-4668-BE54-9A1E7A4F7556}") = "src", "Api.Swagger\src\src.csproj", "{770DA9C7-D122-4BE5-9585-5CCF177B6559}"
EndProject
Global
	GlobalSection(SolutionConfigurationPlatforms) = preSolution
		Debug|Any CPU = Debug|Any CPU
		Debug|x64 = Debug|x64
		Debug|x86 = Debug|x86
		Release|Any CPU = Release|Any CPU
		Release|x64 = Release|x64
		Release|x86 = Release|x86
	EndGlobalSection
	GlobalSection(ProjectConfigurationPlatforms) = postSolution
		{7F394EDA-299E-4C90-A10C-C0505BCF9E42}.Debug|Any CPU.ActiveCfg = Debug|Any CPU
		{7F394EDA-299E-4C90-A10C-C0505BCF9E42}.Debug|Any CPU.Build.0 = Debug|Any CPU
		{7F394EDA-299E-4C90-A10C-C0505BCF9E42}.Debug|x64.ActiveCfg = Debug|Any CPU
		{7F394EDA-299E-4C90-A10C-C0505BCF9E42}.Debug|x64.Build.0 = Debug|Any CPU
		{7F394EDA-299E-4C90-A10C-C0505BCF9E42}.Debug|x86.ActiveCfg = Debug|Any CPU
		{7F394EDA-299E-4C90-A10C-C0505BCF9E42}.Debug|x86.Build.0 = Debug|Any CPU
		{7F394EDA-299E-4C90-A10C-C0505BCF9E42}.Release|Any CPU.ActiveCfg = Release|Any CPU
		{7F394EDA-299E-4C90-A10C-C0505BCF9E42}.Release|Any CPU.Build.0 = Release|Any CPU
		{7F394EDA-299E-4C90-A10C-C0505BCF9E42}.Release|x64.ActiveCfg = Release|Any CPU
		{7F394EDA-299E-4C90-A10C-C0505BCF9E42}.Release|x64.Build.0 = Release|Any CPU
		{7F394EDA-299E-4C90-A10C-C0505BCF9E42}.Release|x86.ActiveCfg = Release|Any CPU
		{7F394EDA-299E-4C90-A10C-C0505BCF9E42}.Release|x86.Build.0 = Release|Any CPU
		{353000C9-955B-4204-8674-EE959FFFFFD6}.Debug|Any CPU.ActiveCfg = Debug|Any CPU
		{353000C9-955B-4204-8674-EE959FFFFFD6}.Debug|Any CPU.Build.0 = Debug|Any CPU
		{353000C9-955B-4204-8674-EE959FFFFFD6}.Debug|x64.ActiveCfg = Debug|Any CPU
		{353000C9-955B-4204-8674-EE959FFFFFD6}.Debug|x64.Build.0 = Debug|Any CPU
		{353000C9-955B-4204-8674-EE959FFFFFD6}.Debug|x86.ActiveCfg = Debug|Any CPU
		{353000C9-955B-4204-8674-EE959FFFFFD6}.Debug|x86.Build.0 = Debug|Any CPU
		{353000C9-955B-4204-8674-EE959FFFFFD6}.Release|Any CPU.ActiveCfg = Release|Any CPU
		{353000C9-955B-4204-8674-EE959FFFFFD6}.Release|Any CPU.Build.0 = Release|Any CPU
		{353000C9-955B-4204-8674-EE959FFFFFD6}.Release|x64.ActiveCfg = Release|Any CPU
		{353000C9-955B-4204-8674-EE959FFFFFD6}.Release|x64.Build.0 = Release|Any CPU
		{353000C9-955B-4204-8674-EE959FFFFFD6}.Release|x86.ActiveCfg = Release|Any CPU
		{353000C9-955B-4204-8674-EE959FFFFFD6}.Release|x86.Build.0 = Release|Any CPU
		{770DA9C7-D122-4BE5-9585-5CCF177B6559}.Debug|Any CPU.ActiveCfg = Debug|Any CPU
		{770DA9C7-D122-4BE5-9585-5CCF177B6559}.Debug|Any CPU.Build.0 = Debug|Any CPU
		{770DA9C7-D122-4BE5-9585-5CCF177B6559}.Debug|x64.ActiveCfg = Debug|Any CPU
		{770DA9C7-D122-4BE5-9585-5CCF177B6559}.Debug|x64.Build.0 = Debug|Any CPU
		{770DA9C7-D122-4BE5-9585-5CCF177B6559}.Debug|x86.ActiveCfg = Debug|Any CPU
		{770DA9C7-D122-4BE5-9585-5CCF177B6559}.Debug|x86.Build.0 = Debug|Any CPU
		{770DA9C7-D122-4BE5-9585-5CCF177B6559}.Release|Any CPU.ActiveCfg = Release|Any CPU
		{770DA9C7-D122-4BE5-9585-5CCF177B6559}.Release|Any CPU.Build.0 = Release|Any CPU
		{770DA9C7-D122-4BE5-9585-5CCF177B6559}.Release|x64.ActiveCfg = Release|Any CPU
		{770DA9C7-D122-4BE5-9585-5CCF177B6559}.Release|x64.Build.0 = Release|Any CPU
		{770DA9C7-D122-4BE5-9585-5CCF177B6559}.Release|x86.ActiveCfg = Release|Any CPU
		{770DA9C7-D122-4BE5-9585-5CCF177B6559}.Release|x86.Build.0 = Release|Any CPU
	EndGlobalSection
	GlobalSection(SolutionProperties) = preSolution
		HideSolutionNode = FALSE
	EndGlobalSection
	GlobalSection(ExtensibilityGlobals) = postSolution
		SolutionGuid = {B3CE30C6-F13B-4D17-AE1C-B4345EA0B255}
	EndGlobalSection
EndGlobal
