Microsoft Visual Studio Solution File, Format Version 12.00
# Visual Studio Version 17
VisualStudioVersion = 17.10.34916.146
MinimumVisualStudioVersion = 10.0.40219.1
Project("{FAE04EC0-301F-11D3-BF4B-00C04F79EFBC}") = "AspireApp.AppHost", "AspireApp.AppHost\AspireApp.AppHost.csproj", "{27FC02F0-812A-4FAA-AD88-B0F239B08F10}"
EndProject
Project("{9A19103F-16F7-4668-BE54-9A1E7A4F7556}") = "AspireApp.ServiceDefaults", "AspireApp.ServiceDefaults\AspireApp.ServiceDefaults.csproj", "{61926D43-B5FB-4E2B-942C-CA799A69BD8A}"
EndProject
Project("{9A19103F-16F7-4668-BE54-9A1E7A4F7556}") = "AspireApp.ApiService", "AspireApp.ApiService\AspireApp.ApiService.csproj", "{FAEEE60F-E31E-4718-A8CD-9D68D24C19BE}"
EndProject
Project("{9A19103F-16F7-4668-BE54-9A1E7A4F7556}") = "AspireApp.Web", "AspireApp.Web\AspireApp.Web.csproj", "{383948B2-5D67-414E-8C67-8C1026EF1435}"
EndProject
Global
	GlobalSection(SolutionConfigurationPlatforms) = preSolution
		Debug|Any CPU = Debug|Any CPU
		Release|Any CPU = Release|Any CPU
	EndGlobalSection
	GlobalSection(ProjectConfigurationPlatforms) = postSolution
		{27FC02F0-812A-4FAA-AD88-B0F239B08F10}.Debug|Any CPU.ActiveCfg = Debug|Any CPU
		{27FC02F0-812A-4FAA-AD88-B0F239B08F10}.Debug|Any CPU.Build.0 = Debug|Any CPU
		{27FC02F0-812A-4FAA-AD88-B0F239B08F10}.Release|Any CPU.ActiveCfg = Release|Any CPU
		{27FC02F0-812A-4FAA-AD88-B0F239B08F10}.Release|Any CPU.Build.0 = Release|Any CPU
		{61926D43-B5FB-4E2B-942C-CA799A69BD8A}.Debug|Any CPU.ActiveCfg = Debug|Any CPU
		{61926D43-B5FB-4E2B-942C-CA799A69BD8A}.Debug|Any CPU.Build.0 = Debug|Any CPU
		{61926D43-B5FB-4E2B-942C-CA799A69BD8A}.Release|Any CPU.ActiveCfg = Release|Any CPU
		{61926D43-B5FB-4E2B-942C-CA799A69BD8A}.Release|Any CPU.Build.0 = Release|Any CPU
		{FAEEE60F-E31E-4718-A8CD-9D68D24C19BE}.Debug|Any CPU.ActiveCfg = Debug|Any CPU
		{FAEEE60F-E31E-4718-A8CD-9D68D24C19BE}.Debug|Any CPU.Build.0 = Debug|Any CPU
		{FAEEE60F-E31E-4718-A8CD-9D68D24C19BE}.Release|Any CPU.ActiveCfg = Release|Any CPU
		{FAEEE60F-E31E-4718-A8CD-9D68D24C19BE}.Release|Any CPU.Build.0 = Release|Any CPU
		{383948B2-5D67-414E-8C67-8C1026EF1435}.Debug|Any CPU.ActiveCfg = Debug|Any CPU
		{383948B2-5D67-414E-8C67-8C1026EF1435}.Debug|Any CPU.Build.0 = Debug|Any CPU
		{383948B2-5D67-414E-8C67-8C1026EF1435}.Release|Any CPU.ActiveCfg = Release|Any CPU
		{383948B2-5D67-414E-8C67-8C1026EF1435}.Release|Any CPU.Build.0 = Release|Any CPU
	EndGlobalSection
	GlobalSection(SolutionProperties) = preSolution
		HideSolutionNode = FALSE
	EndGlobalSection
	GlobalSection(ExtensibilityGlobals) = postSolution
		SolutionGuid = {1C3E620E-957E-4CA3-A808-23FC1E73B3D3}
	EndGlobalSection
EndGlobal
